{
  "nodes": {
    "cabal-fmt-src": {
      "flake": false,
      "locked": {
        "lastModified": 1598802028,
        "narHash": "sha256-5yUORdBD9mtL7vPnqs+MGnHvQ7y7OGx5VeMHx0pIe2U=",
        "owner": "phadej",
        "repo": "cabal-fmt",
        "rev": "0c716667848e0a6f2b5f999b60b067e36b0495ce",
        "type": "github"
      },
      "original": {
        "owner": "phadej",
        "ref": "master",
        "repo": "cabal-fmt",
        "type": "github"
      }
    },
    "cheatsheets": {
      "flake": false,
      "locked": {
        "lastModified": 1601982276,
        "narHash": "sha256-xLmcPa9mb7JUJcMv6sKPoBB6cmabSSxAtsyAICvTOjk=",
        "owner": "cheat",
        "repo": "cheatsheets",
        "rev": "0c8e75ac6851c37fe2087b11d67fae75c3b2c85e",
        "type": "github"
      },
      "original": {
        "owner": "cheat",
        "ref": "master",
        "repo": "cheatsheets",
        "type": "github"
      }
    },
    "felschr-nixos": {
      "inputs": {
        "felschr-nixpkgs": "felschr-nixpkgs",
        "flake-utils": "flake-utils",
        "home-manager": "home-manager",
        "nixpkgs": [
          "nixpkgs-unstable"
        ],
        "nur": [
          "nur"
        ],
        "pre-commit-hooks": "pre-commit-hooks"
      },
      "locked": {
        "lastModified": 1603446073,
        "narHash": "sha256-AUyMrfw4yDBf/wTPTApxHmaq6+vuMkMzTeVzB6G1bWc=",
        "owner": "FelschR",
        "repo": "nixos-config",
        "rev": "08cc4154f6ada58ee4a93ba4d62332abbc5b1c0b",
        "type": "gitlab"
      },
      "original": {
        "owner": "FelschR",
        "ref": "main",
        "repo": "nixos-config",
        "type": "gitlab"
      }
    },
    "felschr-nixpkgs": {
      "locked": {
        "lastModified": 1603300533,
        "narHash": "sha256-WQpKeqOAFkXv1NSq+VCpU7B6WJ6jdopvlUO0TkMq+mU=",
        "owner": "felschr",
        "repo": "nixpkgs",
        "rev": "30b1d77f15634bb7574edf33087cd80f4e85a245",
        "type": "github"
      },
      "original": {
        "owner": "felschr",
        "ref": "feat/mosquitto-password-file",
        "repo": "nixpkgs",
        "type": "github"
      }
    },
    "flake-compat": {
      "flake": false,
      "locked": {
        "lastModified": 1600853454,
        "narHash": "sha256-EgsgbcJNZ9AQLVhjhfiegGjLbO+StBY9hfKsCwc8Hw8=",
        "owner": "edolstra",
        "repo": "flake-compat",
        "rev": "94cf59784c73ecec461eaa291918eff0bfb538ac",
        "type": "github"
      },
      "original": {
        "owner": "edolstra",
        "repo": "flake-compat",
        "type": "github"
      }
    },
    "flake-utils": {
      "locked": {
        "lastModified": 1601282935,
        "narHash": "sha256-WQAFV6sGGQxrRs3a+/Yj9xUYvhTpukQJIcMbIi7LCJ4=",
        "owner": "numtide",
        "repo": "flake-utils",
        "rev": "588973065fce51f4763287f0fda87a174d78bf48",
        "type": "github"
      },
      "original": {
        "owner": "numtide",
        "repo": "flake-utils",
        "type": "github"
      }
    },
    "flake-utils_2": {
      "locked": {
        "lastModified": 1600209923,
        "narHash": "sha256-zoOWauTliFEjI++esk6Jzk7QO5EKpddWXQm9yQK24iM=",
        "owner": "numtide",
        "repo": "flake-utils",
        "rev": "3cd06d3c1df6879c9e41cb2c33113df10566c760",
        "type": "github"
      },
      "original": {
        "owner": "numtide",
        "repo": "flake-utils",
        "type": "github"
      }
    },
    "gitignore": {
      "flake": false,
      "locked": {
        "lastModified": 1601547843,
        "narHash": "sha256-s0f3G6/ht6rFEBmAuDe21s5+kh6cpytf2NTL3Cf0vJs=",
        "owner": "toptal",
        "repo": "gitignore",
        "rev": "a3f813df0b6c524164ddb515e41f7a2b05a81bfb",
        "type": "github"
      },
      "original": {
        "owner": "toptal",
        "ref": "master",
        "repo": "gitignore",
        "type": "github"
      }
    },
    "gitignore-nix-src": {
      "flake": false,
      "locked": {
        "lastModified": 1594969032,
        "narHash": "sha256-nbZfz02QoVe1yYK7EtCV7wMi4VdHzZEoPg20ZSDo9to=",
        "owner": "hercules-ci",
        "repo": "gitignore",
        "rev": "c4662e662462e7bf3c2a968483478a665d00e717",
        "type": "github"
      },
      "original": {
        "owner": "hercules-ci",
        "ref": "master",
        "repo": "gitignore",
        "type": "github"
      }
    },
    "hindent-src": {
      "flake": false,
      "locked": {
        "lastModified": 1599403541,
        "narHash": "sha256-Js9uf2JSID3Ny5DVJbJ/cAbOPthcb1fKXCfyk+uoLT0=",
        "owner": "chrisdone",
        "repo": "hindent",
        "rev": "a75d4033969ecf7d4d0a5eb985d3d1abb3b9301f",
        "type": "github"
      },
      "original": {
        "owner": "chrisdone",
        "ref": "master",
        "repo": "hindent",
        "type": "github"
      }
    },
    "home-manager": {
      "inputs": {
        "nixpkgs": [
          "nixpkgs"
        ]
      },
      "locked": {
        "lastModified": 1603403461,
        "narHash": "sha256-1BBTgps384veCOtCuHLdg8vuRNYyYPssWDQxsYQ5Lg8=",
        "owner": "nix-community",
        "repo": "home-manager",
        "rev": "9bf1f40af124573a54fd208b1f539eb694ef31a6",
        "type": "github"
      },
      "original": {
        "owner": "nix-community",
        "ref": "master",
        "repo": "home-manager",
        "type": "github"
      }
    },
    "home-manager_2": {
      "inputs": {
        "nixpkgs": [
          "nixpkgs"
        ]
      },
      "locked": {
        "lastModified": 1603651452,
        "narHash": "sha256-kyAvYKWzwf2wcd0RIBmCrL+tKzLFRkVivSxqS6IVm70=",
        "owner": "nix-community",
        "repo": "home-manager",
        "rev": "abaebf3b346c4bef500c5bd2fdebbed109261a0c",
        "type": "github"
      },
      "original": {
        "owner": "nix-community",
        "ref": "release-20.09",
        "repo": "home-manager",
        "type": "github"
      }
    },
    "nixpkgs": {
      "locked": {
        "lastModified": 1603918233,
        "narHash": "sha256-kc3v+TMNjJRiV9/HinAx7qsWI2wGPHToGnCeOYmahLI=",
        "owner": "NixOS",
        "repo": "nixpkgs",
        "rev": "edb26126d98bc696f4f3e206583faa65d3d6e818",
        "type": "github"
      },
      "original": {
        "owner": "NixOS",
        "ref": "nixos-20.09",
        "repo": "nixpkgs",
        "type": "github"
      }
    },
    "nixpkgs-unstable": {
      "locked": {
        "lastModified": 1603758576,
        "narHash": "sha256-xKFmWVx+rFInBao3gtmvXcd0LjHD1+0c1Ef5PJDrbuM=",
        "owner": "NixOS",
        "repo": "nixpkgs",
        "rev": "1dc37370c489b610f8b91d7fdd40633163ffbafd",
        "type": "github"
      },
      "original": {
        "owner": "NixOS",
        "ref": "nixos-unstable",
        "repo": "nixpkgs",
        "type": "github"
      }
    },
    "nur": {
      "locked": {
        "lastModified": 1604341846,
        "narHash": "sha256-NGYX3qQPsxRiLp12Te2IeL9X82c6NNg/HUaIm+OofIg=",
        "owner": "nix-community",
        "repo": "NUR",
        "rev": "4ead89be68e51e0240469a39fd263d88b4a23b60",
        "type": "github"
      },
      "original": {
        "owner": "nix-community",
        "ref": "master",
        "repo": "NUR",
        "type": "github"
      }
    },
    "omnisharp-roslyn": {
      "flake": false,
      "locked": {
        "lastModified": 1604288712,
        "narHash": "sha256-/xBs+RIejv9qWFtsrBiuMdLbgD/YNG/IlEYC3nHGBss=",
        "owner": "OmniSharp",
        "repo": "omnisharp-roslyn",
        "rev": "e9e524f0a697e920b78c99d6b63dcfe253dcdfbf",
        "type": "github"
      },
      "original": {
        "owner": "OmniSharp",
        "ref": "master",
        "repo": "omnisharp-roslyn",
        "type": "github"
      }
    },
    "pass-git-helper": {
      "flake": false,
      "locked": {
        "lastModified": 1599394225,
        "narHash": "sha256-s1BjFdu1IELjebXmfkSAhtNoN7uFEUrPXjb6G/d2Zrg=",
        "owner": "languitar",
        "repo": "pass-git-helper",
        "rev": "0180749f840a8e2a2cbb4fbf1d8172869926e289",
        "type": "github"
      },
      "original": {
        "owner": "languitar",
        "ref": "master",
        "repo": "pass-git-helper",
        "type": "github"
      }
    },
    "pre-commit-hooks": {
      "inputs": {
        "cabal-fmt-src": "cabal-fmt-src",
        "flake-compat": "flake-compat",
        "flake-utils": "flake-utils_2",
        "gitignore-nix-src": "gitignore-nix-src",
        "hindent-src": "hindent-src",
        "nixpkgs": [
          "nixpkgs"
        ]
      },
      "locked": {
        "lastModified": 1600939022,
        "narHash": "sha256-TDyYQGP2x+LDU2hHUtXI9hrwN2iQByLBfq39rXBq1cA=",
        "owner": "Myhlamaeus",
        "repo": "pre-commit-hooks.nix",
        "rev": "8d48a4cd434a6a6cc8f2603b50d2c0b2981a7c55",
        "type": "github"
      },
      "original": {
        "owner": "Myhlamaeus",
        "repo": "pre-commit-hooks.nix",
        "rev": "8d48a4cd434a6a6cc8f2603b50d2c0b2981a7c55",
        "type": "github"
      }
    },
    "root": {
      "inputs": {
        "cheatsheets": "cheatsheets",
        "felschr-nixos": "felschr-nixos",
        "gitignore": "gitignore",
        "home-manager": "home-manager_2",
        "nixpkgs": "nixpkgs",
        "nixpkgs-unstable": "nixpkgs-unstable",
        "nur": "nur",
        "omnisharp-roslyn": "omnisharp-roslyn",
        "pass-git-helper": "pass-git-helper"
      }
    }
  },
  "root": "root",
  "version": 7
}
