{
  "nodes": {
    "cabal-fmt-src": {
      "flake": false,
      "locked": {
        "lastModified": 1598802028,
        "narHash": "sha256-5yUORdBD9mtL7vPnqs+MGnHvQ7y7OGx5VeMHx0pIe2U=",
        "owner": "phadej",
        "repo": "cabal-fmt",
        "rev": "0c716667848e0a6f2b5f999b60b067e36b0495ce",
        "type": "github"
      },
      "original": {
        "owner": "phadej",
        "ref": "master",
        "repo": "cabal-fmt",
        "type": "github"
      }
    },
    "cheatsheets": {
      "flake": false,
      "locked": {
        "lastModified": 1601982276,
        "narHash": "sha256-xLmcPa9mb7JUJcMv6sKPoBB6cmabSSxAtsyAICvTOjk=",
        "owner": "cheat",
        "repo": "cheatsheets",
        "rev": "0c8e75ac6851c37fe2087b11d67fae75c3b2c85e",
        "type": "github"
      },
      "original": {
        "owner": "cheat",
        "ref": "master",
        "repo": "cheatsheets",
        "type": "github"
      }
    },
    "felschr-nixos": {
      "inputs": {
        "flake-utils": "flake-utils",
        "home-manager": "home-manager",
        "nixpkgs": [
          "nixpkgs-unstable"
        ],
        "nur": [
          "nur"
        ],
        "pre-commit-hooks": "pre-commit-hooks"
      },
      "locked": {
        "lastModified": 1602693696,
        "narHash": "sha256-MCm5vaBo3pgELKcqrsrxR5wxlu9JOpqAX3yofbaFCG4=",
        "owner": "FelschR",
        "repo": "nixos-config",
        "rev": "7b04776cc3534fc4f44ec972535d06bfc0ebaa47",
        "type": "gitlab"
      },
      "original": {
        "owner": "FelschR",
        "ref": "main",
        "repo": "nixos-config",
        "type": "gitlab"
      }
    },
    "flake-compat": {
      "flake": false,
      "locked": {
        "lastModified": 1600853454,
        "narHash": "sha256-EgsgbcJNZ9AQLVhjhfiegGjLbO+StBY9hfKsCwc8Hw8=",
        "owner": "edolstra",
        "repo": "flake-compat",
        "rev": "94cf59784c73ecec461eaa291918eff0bfb538ac",
        "type": "github"
      },
      "original": {
        "owner": "edolstra",
        "repo": "flake-compat",
        "type": "github"
      }
    },
    "flake-utils": {
      "locked": {
        "lastModified": 1601282935,
        "narHash": "sha256-WQAFV6sGGQxrRs3a+/Yj9xUYvhTpukQJIcMbIi7LCJ4=",
        "owner": "numtide",
        "repo": "flake-utils",
        "rev": "588973065fce51f4763287f0fda87a174d78bf48",
        "type": "github"
      },
      "original": {
        "owner": "numtide",
        "repo": "flake-utils",
        "type": "github"
      }
    },
    "flake-utils_2": {
      "locked": {
        "lastModified": 1600209923,
        "narHash": "sha256-zoOWauTliFEjI++esk6Jzk7QO5EKpddWXQm9yQK24iM=",
        "owner": "numtide",
        "repo": "flake-utils",
        "rev": "3cd06d3c1df6879c9e41cb2c33113df10566c760",
        "type": "github"
      },
      "original": {
        "owner": "numtide",
        "repo": "flake-utils",
        "type": "github"
      }
    },
    "gitignore": {
      "flake": false,
      "locked": {
        "lastModified": 1601547843,
        "narHash": "sha256-s0f3G6/ht6rFEBmAuDe21s5+kh6cpytf2NTL3Cf0vJs=",
        "owner": "toptal",
        "repo": "gitignore",
        "rev": "a3f813df0b6c524164ddb515e41f7a2b05a81bfb",
        "type": "github"
      },
      "original": {
        "owner": "toptal",
        "ref": "master",
        "repo": "gitignore",
        "type": "github"
      }
    },
    "gitignore-nix-src": {
      "flake": false,
      "locked": {
        "lastModified": 1594969032,
        "narHash": "sha256-nbZfz02QoVe1yYK7EtCV7wMi4VdHzZEoPg20ZSDo9to=",
        "owner": "hercules-ci",
        "repo": "gitignore",
        "rev": "c4662e662462e7bf3c2a968483478a665d00e717",
        "type": "github"
      },
      "original": {
        "owner": "hercules-ci",
        "ref": "master",
        "repo": "gitignore",
        "type": "github"
      }
    },
    "hindent-src": {
      "flake": false,
      "locked": {
        "lastModified": 1599403541,
        "narHash": "sha256-Js9uf2JSID3Ny5DVJbJ/cAbOPthcb1fKXCfyk+uoLT0=",
        "owner": "chrisdone",
        "repo": "hindent",
        "rev": "a75d4033969ecf7d4d0a5eb985d3d1abb3b9301f",
        "type": "github"
      },
      "original": {
        "owner": "chrisdone",
        "ref": "master",
        "repo": "hindent",
        "type": "github"
      }
    },
    "home-manager": {
      "inputs": {
        "nixpkgs": [
          "nixpkgs"
        ]
      },
      "locked": {
        "lastModified": 1602339342,
        "narHash": "sha256-Qh+BDMfBmMSnhEhXSyF539aKGUGbq1IKBmtghiG/VhY=",
        "owner": "nix-community",
        "repo": "home-manager",
        "rev": "b5847455066d0191cebd6b140531cc154443e316",
        "type": "github"
      },
      "original": {
        "owner": "nix-community",
        "ref": "master",
        "repo": "home-manager",
        "type": "github"
      }
    },
    "home-manager_2": {
      "flake": false,
      "locked": {
        "lastModified": 1600383076,
        "narHash": "sha256-Ibysh/w5EKOSWWmFuuoWMPShhQ2BL90PZZA2ygrHffc=",
        "owner": "nix-community",
        "repo": "home-manager",
        "rev": "e6f96b6aa3e99495f9f6f3488ecf78dd316e5bec",
        "type": "github"
      },
      "original": {
        "owner": "nix-community",
        "ref": "release-20.03",
        "repo": "home-manager",
        "type": "github"
      }
    },
    "nixpkgs": {
      "locked": {
        "lastModified": 1602583230,
        "narHash": "sha256-e3ia4cyTihIfBIwwWX8rjvpL2MExWxzbsySb5K39Mng=",
        "owner": "NixOS",
        "repo": "nixpkgs-channels",
        "rev": "d3784204ba1a6bbb0c0ebf89b706bda50c113112",
        "type": "github"
      },
      "original": {
        "owner": "NixOS",
        "ref": "nixos-20.03",
        "repo": "nixpkgs-channels",
        "type": "github"
      }
    },
    "nixpkgs-unstable": {
      "locked": {
        "lastModified": 1601171649,
        "narHash": "sha256-G3RUAi2DUq6r3ntASLS+LZC/Eamot55W1+xmBOgEh3M=",
        "owner": "NixOS",
        "repo": "nixpkgs-channels",
        "rev": "84d74ae9c9cbed73274b8e4e00be14688ffc93fe",
        "type": "github"
      },
      "original": {
        "owner": "NixOS",
        "ref": "nixos-unstable",
        "repo": "nixpkgs-channels",
        "type": "github"
      }
    },
    "nur": {
      "locked": {
        "lastModified": 1603076465,
        "narHash": "sha256-ptliNie785hPuc8TT1ktXxnsuioynVsZwgbRf81VKt4=",
        "owner": "nix-community",
        "repo": "NUR",
        "rev": "c031fbab75cd4781bf39500120de17d2989e83dd",
        "type": "github"
      },
      "original": {
        "owner": "nix-community",
        "ref": "master",
        "repo": "NUR",
        "type": "github"
      }
    },
    "omnisharp-roslyn": {
      "flake": false,
      "locked": {
        "lastModified": 1602699492,
        "narHash": "sha256-64M4fOAmJ+NRBBntT8xrK3tFTkzSWSaO28w0toKcOsU=",
        "owner": "OmniSharp",
        "repo": "omnisharp-roslyn",
        "rev": "bc763a01a69a7db3f3d5f82aa137c47130fb6c04",
        "type": "github"
      },
      "original": {
        "owner": "OmniSharp",
        "ref": "master",
        "repo": "omnisharp-roslyn",
        "type": "github"
      }
    },
    "pass-git-helper": {
      "flake": false,
      "locked": {
        "lastModified": 1599394225,
        "narHash": "sha256-s1BjFdu1IELjebXmfkSAhtNoN7uFEUrPXjb6G/d2Zrg=",
        "owner": "languitar",
        "repo": "pass-git-helper",
        "rev": "0180749f840a8e2a2cbb4fbf1d8172869926e289",
        "type": "github"
      },
      "original": {
        "owner": "languitar",
        "ref": "master",
        "repo": "pass-git-helper",
        "type": "github"
      }
    },
    "pre-commit-hooks": {
      "inputs": {
        "cabal-fmt-src": "cabal-fmt-src",
        "flake-compat": "flake-compat",
        "flake-utils": "flake-utils_2",
        "gitignore-nix-src": "gitignore-nix-src",
        "hindent-src": "hindent-src",
        "nixpkgs": [
          "nixpkgs"
        ]
      },
      "locked": {
        "lastModified": 1600939022,
        "narHash": "sha256-TDyYQGP2x+LDU2hHUtXI9hrwN2iQByLBfq39rXBq1cA=",
        "owner": "Myhlamaeus",
        "repo": "pre-commit-hooks.nix",
        "rev": "8d48a4cd434a6a6cc8f2603b50d2c0b2981a7c55",
        "type": "github"
      },
      "original": {
        "owner": "Myhlamaeus",
        "repo": "pre-commit-hooks.nix",
        "rev": "8d48a4cd434a6a6cc8f2603b50d2c0b2981a7c55",
        "type": "github"
      }
    },
    "root": {
      "inputs": {
        "cheatsheets": "cheatsheets",
        "felschr-nixos": "felschr-nixos",
        "gitignore": "gitignore",
        "home-manager": "home-manager_2",
        "nixpkgs": "nixpkgs",
        "nixpkgs-unstable": "nixpkgs-unstable",
        "nur": "nur",
        "omnisharp-roslyn": "omnisharp-roslyn",
        "pass-git-helper": "pass-git-helper"
      }
    }
  },
  "root": "root",
  "version": 7
}
