{
  "nodes": {
    "cabal-fmt-src": {
      "flake": false,
      "locked": {
        "lastModified": 1598802028,
        "narHash": "sha256-5yUORdBD9mtL7vPnqs+MGnHvQ7y7OGx5VeMHx0pIe2U=",
        "owner": "phadej",
        "repo": "cabal-fmt",
        "rev": "0c716667848e0a6f2b5f999b60b067e36b0495ce",
        "type": "github"
      },
      "original": {
        "owner": "phadej",
        "ref": "master",
        "repo": "cabal-fmt",
        "type": "github"
      }
    },
    "cheatsheets": {
      "flake": false,
      "locked": {
        "lastModified": 1611581770,
        "narHash": "sha256-8cgdRzQ8lC7v+MuPAzUntXtJV07+qrs1zt480v7Svvo=",
        "owner": "cheat",
        "repo": "cheatsheets",
        "rev": "b3ea3f11426d998cf7e33c1f00505a7b60f1fb34",
        "type": "github"
      },
      "original": {
        "owner": "cheat",
        "ref": "master",
        "repo": "cheatsheets",
        "type": "github"
      }
    },
    "felschr-nixos": {
      "inputs": {
        "flake-utils": "flake-utils",
        "home-manager": "home-manager",
        "nixpkgs": ["nixpkgs-unstable"],
        "nur": ["nur"],
        "obelisk": ["obelisk-source"],
        "pre-commit-hooks": ["pre-commit-hooks"]
      },
      "locked": {
        "lastModified": 1613443413,
        "narHash": "sha256-B/gY9NTjT6WKuc8ziXn0yLu5b1J6EFYz7ddaXkXl7xA=",
        "owner": "FelschR",
        "repo": "nixos-config",
        "rev": "bfedaaae23620ca82e8491a5ed09130e2099fcac",
        "type": "gitlab"
      },
      "original": {
        "owner": "FelschR",
        "repo": "nixos-config",
        "rev": "bfedaaae23620ca82e8491a5ed09130e2099fcac",
        "type": "gitlab"
      }
    },
    "flake-compat": {
      "flake": false,
      "locked": {
        "lastModified": 1600853454,
        "narHash": "sha256-EgsgbcJNZ9AQLVhjhfiegGjLbO+StBY9hfKsCwc8Hw8=",
        "owner": "edolstra",
        "repo": "flake-compat",
        "rev": "94cf59784c73ecec461eaa291918eff0bfb538ac",
        "type": "github"
      },
      "original": {
        "owner": "edolstra",
        "repo": "flake-compat",
        "type": "github"
      }
    },
    "flake-utils": {
      "locked": {
        "lastModified": 1610051610,
        "narHash": "sha256-U9rPz/usA1/Aohhk7Cmc2gBrEEKRzcW4nwPWMPwja4Y=",
        "owner": "numtide",
        "repo": "flake-utils",
        "rev": "3982c9903e93927c2164caa727cd3f6a0e6d14cc",
        "type": "github"
      },
      "original": {
        "owner": "numtide",
        "repo": "flake-utils",
        "type": "github"
      }
    },
    "flake-utils_2": {
      "locked": {
        "lastModified": 1614513358,
        "narHash": "sha256-LakhOx3S1dRjnh0b5Dg3mbZyH0ToC9I8Y2wKSkBaTzU=",
        "owner": "numtide",
        "repo": "flake-utils",
        "rev": "5466c5bbece17adaab2d82fae80b46e807611bf3",
        "type": "github"
      },
      "original": {
        "owner": "numtide",
        "repo": "flake-utils",
        "type": "github"
      }
    },
    "flake-utils_3": {
      "locked": {
        "lastModified": 1600209923,
        "narHash": "sha256-zoOWauTliFEjI++esk6Jzk7QO5EKpddWXQm9yQK24iM=",
        "owner": "numtide",
        "repo": "flake-utils",
        "rev": "3cd06d3c1df6879c9e41cb2c33113df10566c760",
        "type": "github"
      },
      "original": {
        "owner": "numtide",
        "repo": "flake-utils",
        "type": "github"
      }
    },
    "gitignore": {
      "flake": false,
      "locked": {
        "lastModified": 1615553458,
        "narHash": "sha256-3thd8Wqai+XvRwFIAFcir5E39Ofp+x16Awp7+O9+NOA=",
        "owner": "toptal",
        "repo": "gitignore",
        "rev": "5d40f2d6ab5374bd584298de350849e57b25aa10",
        "type": "github"
      },
      "original": {
        "owner": "toptal",
        "ref": "master",
        "repo": "gitignore",
        "type": "github"
      }
    },
    "gitignore-nix-src": {
      "flake": false,
      "locked": {
        "lastModified": 1594969032,
        "narHash": "sha256-nbZfz02QoVe1yYK7EtCV7wMi4VdHzZEoPg20ZSDo9to=",
        "owner": "hercules-ci",
        "repo": "gitignore",
        "rev": "c4662e662462e7bf3c2a968483478a665d00e717",
        "type": "github"
      },
      "original": {
        "owner": "hercules-ci",
        "ref": "master",
        "repo": "gitignore",
        "type": "github"
      }
    },
    "hindent-src": {
      "flake": false,
      "locked": {
        "lastModified": 1599403541,
        "narHash": "sha256-Js9uf2JSID3Ny5DVJbJ/cAbOPthcb1fKXCfyk+uoLT0=",
        "owner": "chrisdone",
        "repo": "hindent",
        "rev": "a75d4033969ecf7d4d0a5eb985d3d1abb3b9301f",
        "type": "github"
      },
      "original": {
        "owner": "chrisdone",
        "ref": "master",
        "repo": "hindent",
        "type": "github"
      }
    },
    "home-manager": {
      "inputs": {
        "nixpkgs": ["nixpkgs"]
      },
      "locked": {
        "lastModified": 1613153184,
        "narHash": "sha256-9ZIBmZuEjcxWON6zeEzCUfobTf/WTVQVOdg3gyNfhTw=",
        "owner": "nix-community",
        "repo": "home-manager",
        "rev": "1ee1d01daa19b3a6d16b5fb680c31a2bc110ce24",
        "type": "github"
      },
      "original": {
        "owner": "nix-community",
        "ref": "master",
        "repo": "home-manager",
        "type": "github"
      }
    },
    "home-manager_2": {
      "inputs": {
        "nixpkgs": ["nixpkgs"]
      },
      "locked": {
        "lastModified": 1612902587,
        "narHash": "sha256-VZ7Z1OMFf5ReObu3CCVBsC2DWloTYDjqW1onUKejVrE=",
        "owner": "nix-community",
        "repo": "home-manager",
        "rev": "209566c752c4428c7692c134731971193f06b37c",
        "type": "github"
      },
      "original": {
        "owner": "nix-community",
        "ref": "release-20.09",
        "repo": "home-manager",
        "type": "github"
      }
    },
    "nixpkgs": {
      "locked": {
        "lastModified": 1615879109,
        "narHash": "sha256-2FX/qmp6IX255zhJaYL6ClGIaCyJVh4sNDYcnT7TvJU=",
        "owner": "NixOS",
        "repo": "nixpkgs",
        "rev": "36e15cd6e7d55ba143caf3dc930467ace573d85c",
        "type": "github"
      },
      "original": {
        "owner": "NixOS",
        "ref": "nixos-20.09",
        "repo": "nixpkgs",
        "type": "github"
      }
    },
    "nixpkgs-unstable": {
      "locked": {
        "lastModified": 1615797423,
        "narHash": "sha256-5NGDZXPQzuoxf/42NiyC9YwwhwzfMfIRrz3aT0XHzSc=",
        "owner": "NixOS",
        "repo": "nixpkgs",
        "rev": "266dc8c3d052f549826ba246d06787a219533b8f",
        "type": "github"
      },
      "original": {
        "owner": "NixOS",
        "ref": "nixos-unstable",
        "repo": "nixpkgs",
        "type": "github"
      }
    },
    "nur": {
      "locked": {
        "lastModified": 1615967307,
        "narHash": "sha256-B4IEO1XOY1ZDrB3leXPdjFgIFboaP5p8zPqR+focmNE=",
        "owner": "nix-community",
        "repo": "NUR",
        "rev": "777e1e28ed519a4b358f9196fc46c08845303763",
        "type": "github"
      },
      "original": {
        "owner": "nix-community",
        "ref": "master",
        "repo": "NUR",
        "type": "github"
      }
    },
    "obelisk-source": {
      "flake": false,
      "locked": {
        "lastModified": 1608244789,
        "narHash": "sha256-fzaMcHupjoR8UMwkwikaFtvjr8CfmHN4Zgexno1HkzY=",
        "owner": "obsidiansystems",
        "repo": "obelisk",
        "rev": "7ad33cbe3e84b209e83c505ce25486445bbd602e",
        "type": "github"
      },
      "original": {
        "owner": "obsidiansystems",
        "ref": "master",
        "repo": "obelisk",
        "type": "github"
      }
    },
    "omnisharp-roslyn": {
      "flake": false,
      "locked": {
        "lastModified": 1615455409,
        "narHash": "sha256-Hrpa/qjetl7C9Mrv7EOlGfnCome9l9e86CLq16WHJm8=",
        "owner": "OmniSharp",
        "repo": "omnisharp-roslyn",
        "rev": "7193965c3f12e5c2509295d8c3b7354bf6495939",
        "type": "github"
      },
      "original": {
        "owner": "OmniSharp",
        "ref": "master",
        "repo": "omnisharp-roslyn",
        "type": "github"
      }
    },
    "pre-commit-hooks": {
      "inputs": {
        "cabal-fmt-src": "cabal-fmt-src",
        "flake-compat": "flake-compat",
        "flake-utils": "flake-utils_3",
        "gitignore-nix-src": "gitignore-nix-src",
        "hindent-src": "hindent-src",
        "nixpkgs": ["nixpkgs"]
      },
      "locked": {
        "lastModified": 1600939022,
        "narHash": "sha256-TDyYQGP2x+LDU2hHUtXI9hrwN2iQByLBfq39rXBq1cA=",
        "owner": "Myhlamaeus",
        "repo": "pre-commit-hooks.nix",
        "rev": "8d48a4cd434a6a6cc8f2603b50d2c0b2981a7c55",
        "type": "github"
      },
      "original": {
        "owner": "Myhlamaeus",
        "repo": "pre-commit-hooks.nix",
        "rev": "8d48a4cd434a6a6cc8f2603b50d2c0b2981a7c55",
        "type": "github"
      }
    },
    "root": {
      "inputs": {
        "cheatsheets": "cheatsheets",
        "felschr-nixos": "felschr-nixos",
        "flake-utils": "flake-utils_2",
        "gitignore": "gitignore",
        "home-manager": "home-manager_2",
        "nixpkgs": "nixpkgs",
        "nixpkgs-unstable": "nixpkgs-unstable",
        "nur": "nur",
        "obelisk-source": "obelisk-source",
        "omnisharp-roslyn": "omnisharp-roslyn",
        "pre-commit-hooks": "pre-commit-hooks"
      }
    }
  },
  "root": "root",
  "version": 7
}
